{
  "name": "web-dedalo",
  "lockfileVersion": 2,
  "requires": true,
  "packages": {
    "": {
      "dependencies": {
        "@picocss/pico": "^1.5.6",
        "svelte-lazy": "^1.1.0",
        "svelte-lazy-image": "^0.5.1"
      }
    },
    "node_modules/@picocss/pico": {
      "version": "1.5.6",
      "resolved": "https://registry.npmjs.org/@picocss/pico/-/pico-1.5.6.tgz",
      "integrity": "sha512-9R+OdtMuHijKa7AQKBrng/1Q/Cd3BnEigYJXmOxI10Eka2qGGDa4b0hua8UeYu01BTtAiO70K7CQuHffU4YXGA=="
    },
    "node_modules/svelte": {
      "version": "3.55.1",
      "resolved": "https://registry.npmjs.org/svelte/-/svelte-3.55.1.tgz",
      "integrity": "sha512-S+87/P0Ve67HxKkEV23iCdAh/SX1xiSfjF1HOglno/YTbSTW7RniICMCofWGdJJbdjw3S+0PfFb1JtGfTXE0oQ==",
      "peer": true,
      "engines": {
        "node": ">= 8"
      }
    },
    "node_modules/svelte-lazy": {
      "version": "1.1.0",
      "resolved": "https://registry.npmjs.org/svelte-lazy/-/svelte-lazy-1.1.0.tgz",
      "integrity": "sha512-Vol0Px4tKNK13xTs187T9wgenAgXZVHr+HCZx1Wgd5NFvgRxXR/5BE6gZAeF/BkLxLgYIprfZmJlE65slFYqOA==",
      "peerDependencies": {
        "svelte": "3.x"
      }
    },
    "node_modules/svelte-lazy-image": {
      "version": "0.5.1",
      "resolved": "https://registry.npmjs.org/svelte-lazy-image/-/svelte-lazy-image-0.5.1.tgz",
      "integrity": "sha512-BDwywMngYjrEtL73N2ZKYYnWlNBWSnw31y1Mb3kNeXVc/9iDir6Ew3bfuDtuEyi3evBFXF0jixkCMFuTseWjWQ=="
    }
  },
  "dependencies": {
    "@picocss/pico": {
      "version": "1.5.6",
      "resolved": "https://registry.npmjs.org/@picocss/pico/-/pico-1.5.6.tgz",
      "integrity": "sha512-9R+OdtMuHijKa7AQKBrng/1Q/Cd3BnEigYJXmOxI10Eka2qGGDa4b0hua8UeYu01BTtAiO70K7CQuHffU4YXGA=="
    },
    "svelte": {
      "version": "3.55.1",
      "resolved": "https://registry.npmjs.org/svelte/-/svelte-3.55.1.tgz",
      "integrity": "sha512-S+87/P0Ve67HxKkEV23iCdAh/SX1xiSfjF1HOglno/YTbSTW7RniICMCofWGdJJbdjw3S+0PfFb1JtGfTXE0oQ==",
      "peer": true
    },
    "svelte-lazy": {
      "version": "1.1.0",
      "resolved": "https://registry.npmjs.org/svelte-lazy/-/svelte-lazy-1.1.0.tgz",
      "integrity": "sha512-Vol0Px4tKNK13xTs187T9wgenAgXZVHr+HCZx1Wgd5NFvgRxXR/5BE6gZAeF/BkLxLgYIprfZmJlE65slFYqOA==",
      "requires": {}
    },
    "svelte-lazy-image": {
      "version": "0.5.1",
      "resolved": "https://registry.npmjs.org/svelte-lazy-image/-/svelte-lazy-image-0.5.1.tgz",
      "integrity": "sha512-BDwywMngYjrEtL73N2ZKYYnWlNBWSnw31y1Mb3kNeXVc/9iDir6Ew3bfuDtuEyi3evBFXF0jixkCMFuTseWjWQ=="
    }
  }
}
